// !$*UTF8*$!
{
	archiveVersion = 1;
	classes = {
	};
	objectVersion = 50;
	objects = {

/* Begin PBXBuildFile section */
		5506C7DF26E4545100B47E38 /* AppDelegate.swift in Sources */ = {isa = PBXBuildFile; fileRef = 5506C7DE26E4545100B47E38 /* AppDelegate.swift */; };
		5506C7E126E4545100B47E38 /* SceneDelegate.swift in Sources */ = {isa = PBXBuildFile; fileRef = 5506C7E026E4545100B47E38 /* SceneDelegate.swift */; };
		5506C7E326E4545100B47E38 /* MoviesTVC.swift in Sources */ = {isa = PBXBuildFile; fileRef = 5506C7E226E4545100B47E38 /* MoviesTVC.swift */; };
		5506C7E826E4545200B47E38 /* Assets.xcassets in Resources */ = {isa = PBXBuildFile; fileRef = 5506C7E726E4545200B47E38 /* Assets.xcassets */; };
		55AFBD6926E4FD5D00939728 /* Constants.swift in Sources */ = {isa = PBXBuildFile; fileRef = 55AFBD6826E4FD5D00939728 /* Constants.swift */; };
		55AFBD6B26E5607E00939728 /* NetworkManager.swift in Sources */ = {isa = PBXBuildFile; fileRef = 55AFBD6A26E5607E00939728 /* NetworkManager.swift */; };
		55AFBD6D26E561DC00939728 /* Movie.swift in Sources */ = {isa = PBXBuildFile; fileRef = 55AFBD6C26E561DC00939728 /* Movie.swift */; };
		55AFBD7126E5626900939728 /* ErrorMessage.swift in Sources */ = {isa = PBXBuildFile; fileRef = 55AFBD7026E5626900939728 /* ErrorMessage.swift */; };
		55AFBD7326E56B4F00939728 /* UIViewController+Ext.swift in Sources */ = {isa = PBXBuildFile; fileRef = 55AFBD7226E56B4F00939728 /* UIViewController+Ext.swift */; };
		55AFBD7526E56BA500939728 /* OVAlert.swift in Sources */ = {isa = PBXBuildFile; fileRef = 55AFBD7426E56BA500939728 /* OVAlert.swift */; };
		55AFBD7726E56BF700939728 /* OVTitleLabel.swift in Sources */ = {isa = PBXBuildFile; fileRef = 55AFBD7626E56BF700939728 /* OVTitleLabel.swift */; };
		55AFBD7926E56C2100939728 /* OVBodyLabel.swift in Sources */ = {isa = PBXBuildFile; fileRef = 55AFBD7826E56C2100939728 /* OVBodyLabel.swift */; };
		55AFBD7B26E56C5A00939728 /* OVButton.swift in Sources */ = {isa = PBXBuildFile; fileRef = 55AFBD7A26E56C5A00939728 /* OVButton.swift */; };
		55AFBD7D26E56CB300939728 /* OVAlertContainerView.swift in Sources */ = {isa = PBXBuildFile; fileRef = 55AFBD7C26E56CB300939728 /* OVAlertContainerView.swift */; };
		55AFBD7F26E56CFD00939728 /* OVAlertVC.swift in Sources */ = {isa = PBXBuildFile; fileRef = 55AFBD7E26E56CFD00939728 /* OVAlertVC.swift */; };
		55AFBD8126E56D2D00939728 /* OVEmptyStateView.swift in Sources */ = {isa = PBXBuildFile; fileRef = 55AFBD8026E56D2D00939728 /* OVEmptyStateView.swift */; };
/* End PBXBuildFile section */

/* Begin PBXFileReference section */
		5506C7DB26E4545100B47E38 /* Flix.app */ = {isa = PBXFileReference; explicitFileType = wrapper.application; includeInIndex = 0; path = Flix.app; sourceTree = BUILT_PRODUCTS_DIR; };
		5506C7DE26E4545100B47E38 /* AppDelegate.swift */ = {isa = PBXFileReference; lastKnownFileType = sourcecode.swift; path = AppDelegate.swift; sourceTree = "<group>"; };
		5506C7E026E4545100B47E38 /* SceneDelegate.swift */ = {isa = PBXFileReference; lastKnownFileType = sourcecode.swift; path = SceneDelegate.swift; sourceTree = "<group>"; };
		5506C7E226E4545100B47E38 /* MoviesTVC.swift */ = {isa = PBXFileReference; lastKnownFileType = sourcecode.swift; path = MoviesTVC.swift; sourceTree = "<group>"; };
		5506C7E726E4545200B47E38 /* Assets.xcassets */ = {isa = PBXFileReference; lastKnownFileType = folder.assetcatalog; path = Assets.xcassets; sourceTree = "<group>"; };
		5506C7EC26E4545200B47E38 /* Info.plist */ = {isa = PBXFileReference; lastKnownFileType = text.plist.xml; path = Info.plist; sourceTree = "<group>"; };
		55AFBD6826E4FD5D00939728 /* Constants.swift */ = {isa = PBXFileReference; lastKnownFileType = sourcecode.swift; path = Constants.swift; sourceTree = "<group>"; };
		55AFBD6A26E5607E00939728 /* NetworkManager.swift */ = {isa = PBXFileReference; lastKnownFileType = sourcecode.swift; path = NetworkManager.swift; sourceTree = "<group>"; };
		55AFBD6C26E561DC00939728 /* Movie.swift */ = {isa = PBXFileReference; lastKnownFileType = sourcecode.swift; path = Movie.swift; sourceTree = "<group>"; };
		55AFBD7026E5626900939728 /* ErrorMessage.swift */ = {isa = PBXFileReference; lastKnownFileType = sourcecode.swift; path = ErrorMessage.swift; sourceTree = "<group>"; };
		55AFBD7226E56B4F00939728 /* UIViewController+Ext.swift */ = {isa = PBXFileReference; lastKnownFileType = sourcecode.swift; path = "UIViewController+Ext.swift"; sourceTree = "<group>"; };
		55AFBD7426E56BA500939728 /* OVAlert.swift */ = {isa = PBXFileReference; lastKnownFileType = sourcecode.swift; path = OVAlert.swift; sourceTree = "<group>"; };
		55AFBD7626E56BF700939728 /* OVTitleLabel.swift */ = {isa = PBXFileReference; lastKnownFileType = sourcecode.swift; path = OVTitleLabel.swift; sourceTree = "<group>"; };
		55AFBD7826E56C2100939728 /* OVBodyLabel.swift */ = {isa = PBXFileReference; lastKnownFileType = sourcecode.swift; path = OVBodyLabel.swift; sourceTree = "<group>"; };
		55AFBD7A26E56C5A00939728 /* OVButton.swift */ = {isa = PBXFileReference; lastKnownFileType = sourcecode.swift; path = OVButton.swift; sourceTree = "<group>"; };
		55AFBD7C26E56CB300939728 /* OVAlertContainerView.swift */ = {isa = PBXFileReference; lastKnownFileType = sourcecode.swift; path = OVAlertContainerView.swift; sourceTree = "<group>"; };
		55AFBD7E26E56CFD00939728 /* OVAlertVC.swift */ = {isa = PBXFileReference; lastKnownFileType = sourcecode.swift; path = OVAlertVC.swift; sourceTree = "<group>"; };
		55AFBD8026E56D2D00939728 /* OVEmptyStateView.swift */ = {isa = PBXFileReference; lastKnownFileType = sourcecode.swift; path = OVEmptyStateView.swift; sourceTree = "<group>"; };
/* End PBXFileReference section */

/* Begin PBXFrameworksBuildPhase section */
		5506C7D826E4545100B47E38 /* Frameworks */ = {
			isa = PBXFrameworksBuildPhase;
			buildActionMask = 2147483647;
			files = (
			);
			runOnlyForDeploymentPostprocessing = 0;
		};
/* End PBXFrameworksBuildPhase section */

/* Begin PBXGroup section */
		5506C7D226E4545100B47E38 = {
			isa = PBXGroup;
			children = (
				5506C7DD26E4545100B47E38 /* Flix */,
				5506C7DC26E4545100B47E38 /* Products */,
			);
			sourceTree = "<group>";
		};
		5506C7DC26E4545100B47E38 /* Products */ = {
			isa = PBXGroup;
			children = (
				5506C7DB26E4545100B47E38 /* Flix.app */,
			);
			name = Products;
			sourceTree = "<group>";
		};
		5506C7DD26E4545100B47E38 /* Flix */ = {
			isa = PBXGroup;
			children = (
				5593C61226E91B5C00B389B1 /* Screens */,
				5593C60F26E91AEB00B389B1 /* CustomViews */,
				5593C60D26E91A1500B389B1 /* Modals */,
				5593C60E26E91ACA00B389B1 /* NetworkManager */,
				5593C61026E91B0900B389B1 /* Support */,
				5593C61126E91B1500B389B1 /* Utilities */,
				5593C61326E91B8000B389B1 /* Extensions */,
				5506C7EC26E4545200B47E38 /* Info.plist */,
			);
			path = Flix;
			sourceTree = "<group>";
		};
		5593C60D26E91A1500B389B1 /* Modals */ = {
			isa = PBXGroup;
			children = (
				55AFBD6C26E561DC00939728 /* Movie.swift */,
			);
			path = Modals;
			sourceTree = "<group>";
		};
		5593C60E26E91ACA00B389B1 /* NetworkManager */ = {
			isa = PBXGroup;
			children = (
				55AFBD6A26E5607E00939728 /* NetworkManager.swift */,
			);
			path = NetworkManager;
			sourceTree = "<group>";
		};
		5593C60F26E91AEB00B389B1 /* CustomViews */ = {
			isa = PBXGroup;
			children = (
				5593C61726E91F6900B389B1 /* Views */,
				5593C61626E91F3F00B389B1 /* ViewController */,
				5593C61526E91F0D00B389B1 /* Labels */,
				5593C61426E91ED800B389B1 /* Buttons */,
			);
			path = CustomViews;
			sourceTree = "<group>";
		};
		5593C61026E91B0900B389B1 /* Support */ = {
			isa = PBXGroup;
			children = (
				5506C7E726E4545200B47E38 /* Assets.xcassets */,
				5506C7E026E4545100B47E38 /* SceneDelegate.swift */,
				5506C7DE26E4545100B47E38 /* AppDelegate.swift */,
				55AFBD6826E4FD5D00939728 /* Constants.swift */,
			);
			path = Support;
			sourceTree = "<group>";
		};
		5593C61126E91B1500B389B1 /* Utilities */ = {
			isa = PBXGroup;
			children = (
				55AFBD7026E5626900939728 /* ErrorMessage.swift */,
			);
			path = Utilities;
			sourceTree = "<group>";
		};
		5593C61226E91B5C00B389B1 /* Screens */ = {
			isa = PBXGroup;
			children = (
				5506C7E226E4545100B47E38 /* MoviesTVC.swift */,
			);
			path = Screens;
			sourceTree = "<group>";
		};
		5593C61326E91B8000B389B1 /* Extensions */ = {
			isa = PBXGroup;
			children = (
				55AFBD7226E56B4F00939728 /* UIViewController+Ext.swift */,
			);
			path = Extensions;
			sourceTree = "<group>";
		};
		5593C61426E91ED800B389B1 /* Buttons */ = {
			isa = PBXGroup;
			children = (
				55AFBD7A26E56C5A00939728 /* OVButton.swift */,
			);
			path = Buttons;
			sourceTree = "<group>";
		};
		5593C61526E91F0D00B389B1 /* Labels */ = {
			isa = PBXGroup;
			children = (
				55AFBD7826E56C2100939728 /* OVBodyLabel.swift */,
				55AFBD7626E56BF700939728 /* OVTitleLabel.swift */,
			);
			path = Labels;
			sourceTree = "<group>";
		};
		5593C61626E91F3F00B389B1 /* ViewController */ = {
			isa = PBXGroup;
			children = (
				55AFBD7426E56BA500939728 /* OVAlert.swift */,
				55AFBD7E26E56CFD00939728 /* OVAlertVC.swift */,
			);
			path = ViewController;
			sourceTree = "<group>";
		};
		5593C61726E91F6900B389B1 /* Views */ = {
			isa = PBXGroup;
			children = (
				55AFBD8026E56D2D00939728 /* OVEmptyStateView.swift */,
				55AFBD7C26E56CB300939728 /* OVAlertContainerView.swift */,
			);
			path = Views;
			sourceTree = "<group>";
		};
/* End PBXGroup section */

/* Begin PBXNativeTarget section */
		5506C7DA26E4545100B47E38 /* Flix */ = {
			isa = PBXNativeTarget;
			buildConfigurationList = 5506C7EF26E4545200B47E38 /* Build configuration list for PBXNativeTarget "Flix" */;
			buildPhases = (
				5506C7D726E4545100B47E38 /* Sources */,
				5506C7D826E4545100B47E38 /* Frameworks */,
				5506C7D926E4545100B47E38 /* Resources */,
			);
			buildRules = (
			);
			dependencies = (
			);
			name = Flix;
			productName = Flix;
			productReference = 5506C7DB26E4545100B47E38 /* Flix.app */;
			productType = "com.apple.product-type.application";
		};
/* End PBXNativeTarget section */

/* Begin PBXProject section */
		5506C7D326E4545100B47E38 /* Project object */ = {
			isa = PBXProject;
			attributes = {
				LastSwiftUpdateCheck = 1250;
				LastUpgradeCheck = 1250;
				TargetAttributes = {
					5506C7DA26E4545100B47E38 = {
						CreatedOnToolsVersion = 12.5.1;
					};
				};
			};
			buildConfigurationList = 5506C7D626E4545100B47E38 /* Build configuration list for PBXProject "Flix" */;
			compatibilityVersion = "Xcode 9.3";
			developmentRegion = en;
			hasScannedForEncodings = 0;
			knownRegions = (
				en,
				Base,
			);
			mainGroup = 5506C7D226E4545100B47E38;
			productRefGroup = 5506C7DC26E4545100B47E38 /* Products */;
			projectDirPath = "";
			projectRoot = "";
			targets = (
				5506C7DA26E4545100B47E38 /* Flix */,
			);
		};
/* End PBXProject section */

/* Begin PBXResourcesBuildPhase section */
		5506C7D926E4545100B47E38 /* Resources */ = {
			isa = PBXResourcesBuildPhase;
			buildActionMask = 2147483647;
			files = (
				5506C7E826E4545200B47E38 /* Assets.xcassets in Resources */,
			);
			runOnlyForDeploymentPostprocessing = 0;
		};
/* End PBXResourcesBuildPhase section */

/* Begin PBXSourcesBuildPhase section */
		5506C7D726E4545100B47E38 /* Sources */ = {
			isa = PBXSourcesBuildPhase;
			buildActionMask = 2147483647;
			files = (
				55AFBD8126E56D2D00939728 /* OVEmptyStateView.swift in Sources */,
				55AFBD7D26E56CB300939728 /* OVAlertContainerView.swift in Sources */,
				5506C7E326E4545100B47E38 /* MoviesTVC.swift in Sources */,
				55AFBD7126E5626900939728 /* ErrorMessage.swift in Sources */,
				55AFBD7B26E56C5A00939728 /* OVButton.swift in Sources */,
				5506C7DF26E4545100B47E38 /* AppDelegate.swift in Sources */,
				55AFBD6D26E561DC00939728 /* Movie.swift in Sources */,
				55AFBD6B26E5607E00939728 /* NetworkManager.swift in Sources */,
				5506C7E126E4545100B47E38 /* SceneDelegate.swift in Sources */,
				55AFBD7F26E56CFD00939728 /* OVAlertVC.swift in Sources */,
				55AFBD7926E56C2100939728 /* OVBodyLabel.swift in Sources */,
				55AFBD7526E56BA500939728 /* OVAlert.swift in Sources */,
				55AFBD7326E56B4F00939728 /* UIViewController+Ext.swift in Sources */,
				55AFBD7726E56BF700939728 /* OVTitleLabel.swift in Sources */,
				55AFBD6926E4FD5D00939728 /* Constants.swift in Sources */,
			);
			runOnlyForDeploymentPostprocessing = 0;
		};
/* End PBXSourcesBuildPhase section */

/* Begin XCBuildConfiguration section */
		5506C7ED26E4545200B47E38 /* Debug */ = {
			isa = XCBuildConfiguration;
			buildSettings = {
				ALWAYS_SEARCH_USER_PATHS = NO;
				CLANG_ANALYZER_NONNULL = YES;
				CLANG_ANALYZER_NUMBER_OBJECT_CONVERSION = YES_AGGRESSIVE;
				CLANG_CXX_LANGUAGE_STANDARD = "gnu++14";
				CLANG_CXX_LIBRARY = "libc++";
				CLANG_ENABLE_MODULES = YES;
				CLANG_ENABLE_OBJC_ARC = YES;
				CLANG_ENABLE_OBJC_WEAK = YES;
				CLANG_WARN_BLOCK_CAPTURE_AUTORELEASING = YES;
				CLANG_WARN_BOOL_CONVERSION = YES;
				CLANG_WARN_COMMA = YES;
				CLANG_WARN_CONSTANT_CONVERSION = YES;
				CLANG_WARN_DEPRECATED_OBJC_IMPLEMENTATIONS = YES;
				CLANG_WARN_DIRECT_OBJC_ISA_USAGE = YES_ERROR;
				CLANG_WARN_DOCUMENTATION_COMMENTS = YES;
				CLANG_WARN_EMPTY_BODY = YES;
				CLANG_WARN_ENUM_CONVERSION = YES;
				CLANG_WARN_INFINITE_RECURSION = YES;
				CLANG_WARN_INT_CONVERSION = YES;
				CLANG_WARN_NON_LITERAL_NULL_CONVERSION = YES;
				CLANG_WARN_OBJC_IMPLICIT_RETAIN_SELF = YES;
				CLANG_WARN_OBJC_LITERAL_CONVERSION = YES;
				CLANG_WARN_OBJC_ROOT_CLASS = YES_ERROR;
				CLANG_WARN_QUOTED_INCLUDE_IN_FRAMEWORK_HEADER = YES;
				CLANG_WARN_RANGE_LOOP_ANALYSIS = YES;
				CLANG_WARN_STRICT_PROTOTYPES = YES;
				CLANG_WARN_SUSPICIOUS_MOVE = YES;
				CLANG_WARN_UNGUARDED_AVAILABILITY = YES_AGGRESSIVE;
				CLANG_WARN_UNREACHABLE_CODE = YES;
				CLANG_WARN__DUPLICATE_METHOD_MATCH = YES;
				COPY_PHASE_STRIP = NO;
				DEBUG_INFORMATION_FORMAT = dwarf;
				ENABLE_STRICT_OBJC_MSGSEND = YES;
				ENABLE_TESTABILITY = YES;
				GCC_C_LANGUAGE_STANDARD = gnu11;
				GCC_DYNAMIC_NO_PIC = NO;
				GCC_NO_COMMON_BLOCKS = YES;
				GCC_OPTIMIZATION_LEVEL = 0;
				GCC_PREPROCESSOR_DEFINITIONS = (
					"DEBUG=1",
					"$(inherited)",
				);
				GCC_WARN_64_TO_32_BIT_CONVERSION = YES;
				GCC_WARN_ABOUT_RETURN_TYPE = YES_ERROR;
				GCC_WARN_UNDECLARED_SELECTOR = YES;
				GCC_WARN_UNINITIALIZED_AUTOS = YES_AGGRESSIVE;
				GCC_WARN_UNUSED_FUNCTION = YES;
				GCC_WARN_UNUSED_VARIABLE = YES;
				IPHONEOS_DEPLOYMENT_TARGET = 14.5;
				MTL_ENABLE_DEBUG_INFO = INCLUDE_SOURCE;
				MTL_FAST_MATH = YES;
				ONLY_ACTIVE_ARCH = YES;
				SDKROOT = iphoneos;
				SWIFT_ACTIVE_COMPILATION_CONDITIONS = DEBUG;
				SWIFT_OPTIMIZATION_LEVEL = "-Onone";
			};
			name = Debug;
		};
		5506C7EE26E4545200B47E38 /* Release */ = {
			isa = XCBuildConfiguration;
			buildSettings = {
				ALWAYS_SEARCH_USER_PATHS = NO;
				CLANG_ANALYZER_NONNULL = YES;
				CLANG_ANALYZER_NUMBER_OBJECT_CONVERSION = YES_AGGRESSIVE;
				CLANG_CXX_LANGUAGE_STANDARD = "gnu++14";
				CLANG_CXX_LIBRARY = "libc++";
				CLANG_ENABLE_MODULES = YES;
				CLANG_ENABLE_OBJC_ARC = YES;
				CLANG_ENABLE_OBJC_WEAK = YES;
				CLANG_WARN_BLOCK_CAPTURE_AUTORELEASING = YES;
				CLANG_WARN_BOOL_CONVERSION = YES;
				CLANG_WARN_COMMA = YES;
				CLANG_WARN_CONSTANT_CONVERSION = YES;
				CLANG_WARN_DEPRECATED_OBJC_IMPLEMENTATIONS = YES;
				CLANG_WARN_DIRECT_OBJC_ISA_USAGE = YES_ERROR;
				CLANG_WARN_DOCUMENTATION_COMMENTS = YES;
				CLANG_WARN_EMPTY_BODY = YES;
				CLANG_WARN_ENUM_CONVERSION = YES;
				CLANG_WARN_INFINITE_RECURSION = YES;
				CLANG_WARN_INT_CONVERSION = YES;
				CLANG_WARN_NON_LITERAL_NULL_CONVERSION = YES;
				CLANG_WARN_OBJC_IMPLICIT_RETAIN_SELF = YES;
				CLANG_WARN_OBJC_LITERAL_CONVERSION = YES;
				CLANG_WARN_OBJC_ROOT_CLASS = YES_ERROR;
				CLANG_WARN_QUOTED_INCLUDE_IN_FRAMEWORK_HEADER = YES;
				CLANG_WARN_RANGE_LOOP_ANALYSIS = YES;
				CLANG_WARN_STRICT_PROTOTYPES = YES;
				CLANG_WARN_SUSPICIOUS_MOVE = YES;
				CLANG_WARN_UNGUARDED_AVAILABILITY = YES_AGGRESSIVE;
				CLANG_WARN_UNREACHABLE_CODE = YES;
				CLANG_WARN__DUPLICATE_METHOD_MATCH = YES;
				COPY_PHASE_STRIP = NO;
				DEBUG_INFORMATION_FORMAT = "dwarf-with-dsym";
				ENABLE_NS_ASSERTIONS = NO;
				ENABLE_STRICT_OBJC_MSGSEND = YES;
				GCC_C_LANGUAGE_STANDARD = gnu11;
				GCC_NO_COMMON_BLOCKS = YES;
				GCC_WARN_64_TO_32_BIT_CONVERSION = YES;
				GCC_WARN_ABOUT_RETURN_TYPE = YES_ERROR;
				GCC_WARN_UNDECLARED_SELECTOR = YES;
				GCC_WARN_UNINITIALIZED_AUTOS = YES_AGGRESSIVE;
				GCC_WARN_UNUSED_FUNCTION = YES;
				GCC_WARN_UNUSED_VARIABLE = YES;
				IPHONEOS_DEPLOYMENT_TARGET = 14.5;
				MTL_ENABLE_DEBUG_INFO = NO;
				MTL_FAST_MATH = YES;
				SDKROOT = iphoneos;
				SWIFT_COMPILATION_MODE = wholemodule;
				SWIFT_OPTIMIZATION_LEVEL = "-O";
				VALIDATE_PRODUCT = YES;
			};
			name = Release;
		};
		5506C7F026E4545200B47E38 /* Debug */ = {
			isa = XCBuildConfiguration;
			buildSettings = {
				ASSETCATALOG_COMPILER_APPICON_NAME = AppIcon;
				ASSETCATALOG_COMPILER_GLOBAL_ACCENT_COLOR_NAME = AccentColor;
				CODE_SIGN_STYLE = Automatic;
				DEVELOPMENT_TEAM = JSZA8KA7G6;
				INFOPLIST_FILE = Flix/Info.plist;
				LD_RUNPATH_SEARCH_PATHS = (
					"$(inherited)",
					"@executable_path/Frameworks",
				);
				PRODUCT_BUNDLE_IDENTIFIER = com.Orlando.Vargas.Flix;
				PRODUCT_NAME = "$(TARGET_NAME)";
				SWIFT_VERSION = 5.0;
				TARGETED_DEVICE_FAMILY = "1,2";
			};
			name = Debug;
		};
		5506C7F126E4545200B47E38 /* Release */ = {
			isa = XCBuildConfiguration;
			buildSettings = {
				ASSETCATALOG_COMPILER_APPICON_NAME = AppIcon;
				ASSETCATALOG_COMPILER_GLOBAL_ACCENT_COLOR_NAME = AccentColor;
				CODE_SIGN_STYLE = Automatic;
				DEVELOPMENT_TEAM = JSZA8KA7G6;
				INFOPLIST_FILE = Flix/Info.plist;
				LD_RUNPATH_SEARCH_PATHS = (
					"$(inherited)",
					"@executable_path/Frameworks",
				);
				PRODUCT_BUNDLE_IDENTIFIER = com.Orlando.Vargas.Flix;
				PRODUCT_NAME = "$(TARGET_NAME)";
				SWIFT_VERSION = 5.0;
				TARGETED_DEVICE_FAMILY = "1,2";
			};
			name = Release;
		};
/* End XCBuildConfiguration section */

/* Begin XCConfigurationList section */
		5506C7D626E4545100B47E38 /* Build configuration list for PBXProject "Flix" */ = {
			isa = XCConfigurationList;
			buildConfigurations = (
				5506C7ED26E4545200B47E38 /* Debug */,
				5506C7EE26E4545200B47E38 /* Release */,
			);
			defaultConfigurationIsVisible = 0;
			defaultConfigurationName = Release;
		};
		5506C7EF26E4545200B47E38 /* Build configuration list for PBXNativeTarget "Flix" */ = {
			isa = XCConfigurationList;
			buildConfigurations = (
				5506C7F026E4545200B47E38 /* Debug */,
				5506C7F126E4545200B47E38 /* Release */,
			);
			defaultConfigurationIsVisible = 0;
			defaultConfigurationName = Release;
		};
/* End XCConfigurationList section */
	};
	rootObject = 5506C7D326E4545100B47E38 /* Project object */;
}
